
Microsoft Visual Studio Solution File, Format Version 12.00
# Visual Studio 15
VisualStudioVersion = 15.0.28307.852
MinimumVisualStudioVersion = 10.0.40219.1
Project("{FAE04EC0-301F-11D3-BF4B-00C04F79EFBC}") = "Banque.BOL", "Banque.BOL\Banque.BOL.csproj", "{298105A6-524B-4AC7-BB6F-AF804F88585D}"
EndProject
Project("{FAE04EC0-301F-11D3-BF4B-00C04F79EFBC}") = "Banque.DAL", "Banque.DAC\Banque.DAL.csproj", "{F2C2E90C-6331-4EF4-9F65-E2A7AAED66A1}"
EndProject
Project("{FAE04EC0-301F-11D3-BF4B-00C04F79EFBC}") = "Banque.Console", "Banque.ConsoleUI\Banque.Console.csproj", "{7DF8DC04-3C5C-42D6-92B4-5A11F81355DA}"
EndProject
Project("{FAE04EC0-301F-11D3-BF4B-00C04F79EFBC}") = "Banque.WindowsGUI", "Banque.WindowsGUI\Banque.WindowsGUI.csproj", "{47FC0C94-A0F6-4498-836E-2E154C6C914F}"
EndProject
Global
	GlobalSection(SolutionConfigurationPlatforms) = preSolution
		Debug|Any CPU = Debug|Any CPU
		Release|Any CPU = Release|Any CPU
	EndGlobalSection
	GlobalSection(ProjectConfigurationPlatforms) = postSolution
		{298105A6-524B-4AC7-BB6F-AF804F88585D}.Debug|Any CPU.ActiveCfg = Debug|Any CPU
		{298105A6-524B-4AC7-BB6F-AF804F88585D}.Debug|Any CPU.Build.0 = Debug|Any CPU
		{298105A6-524B-4AC7-BB6F-AF804F88585D}.Release|Any CPU.ActiveCfg = Release|Any CPU
		{298105A6-524B-4AC7-BB6F-AF804F88585D}.Release|Any CPU.Build.0 = Release|Any CPU
		{F2C2E90C-6331-4EF4-9F65-E2A7AAED66A1}.Debug|Any CPU.ActiveCfg = Debug|Any CPU
		{F2C2E90C-6331-4EF4-9F65-E2A7AAED66A1}.Debug|Any CPU.Build.0 = Debug|Any CPU
		{F2C2E90C-6331-4EF4-9F65-E2A7AAED66A1}.Release|Any CPU.ActiveCfg = Release|Any CPU
		{F2C2E90C-6331-4EF4-9F65-E2A7AAED66A1}.Release|Any CPU.Build.0 = Release|Any CPU
		{7DF8DC04-3C5C-42D6-92B4-5A11F81355DA}.Debug|Any CPU.ActiveCfg = Debug|Any CPU
		{7DF8DC04-3C5C-42D6-92B4-5A11F81355DA}.Debug|Any CPU.Build.0 = Debug|Any CPU
		{7DF8DC04-3C5C-42D6-92B4-5A11F81355DA}.Release|Any CPU.ActiveCfg = Release|Any CPU
		{7DF8DC04-3C5C-42D6-92B4-5A11F81355DA}.Release|Any CPU.Build.0 = Release|Any CPU
		{47FC0C94-A0F6-4498-836E-2E154C6C914F}.Debug|Any CPU.ActiveCfg = Debug|Any CPU
		{47FC0C94-A0F6-4498-836E-2E154C6C914F}.Debug|Any CPU.Build.0 = Debug|Any CPU
		{47FC0C94-A0F6-4498-836E-2E154C6C914F}.Release|Any CPU.ActiveCfg = Release|Any CPU
		{47FC0C94-A0F6-4498-836E-2E154C6C914F}.Release|Any CPU.Build.0 = Release|Any CPU
	EndGlobalSection
	GlobalSection(SolutionProperties) = preSolution
		HideSolutionNode = FALSE
	EndGlobalSection
	GlobalSection(ExtensibilityGlobals) = postSolution
		SolutionGuid = {829443F2-60FC-4038-893C-22BA81B81C19}
	EndGlobalSection
EndGlobal
