
Microsoft Visual Studio Solution File, Format Version 12.00
# Visual Studio 2013
VisualStudioVersion = 12.0.40629.0
MinimumVisualStudioVersion = 10.0.40219.1
Project("{FAE04EC0-301F-11D3-BF4B-00C04F79EFBC}") = "AFPA.MVCUI", "AFPA.MVCUI\AFPA.MVCUI.csproj", "{EC834081-9A04-41D4-BA34-DB5D44001960}"
EndProject
Project("{FAE04EC0-301F-11D3-BF4B-00C04F79EFBC}") = "AFPA.BOL", "AFPA.MVCUI\AFPA.BOL\AFPA.BOL.csproj", "{C7DB82C0-D3A0-4C43-A3F7-EE75DC14F34B}"
EndProject
Project("{FAE04EC0-301F-11D3-BF4B-00C04F79EFBC}") = "AFPA.DAL", "AFPA.MVCUI\AFPA.DAL\AFPA.DAL.csproj", "{CF9EADA1-D364-4D28-964E-32AEC6D27CA9}"
EndProject
Global
	GlobalSection(SolutionConfigurationPlatforms) = preSolution
		Debug|Any CPU = Debug|Any CPU
		Release|Any CPU = Release|Any CPU
	EndGlobalSection
	GlobalSection(ProjectConfigurationPlatforms) = postSolution
		{EC834081-9A04-41D4-BA34-DB5D44001960}.Debug|Any CPU.ActiveCfg = Debug|Any CPU
		{EC834081-9A04-41D4-BA34-DB5D44001960}.Debug|Any CPU.Build.0 = Debug|Any CPU
		{EC834081-9A04-41D4-BA34-DB5D44001960}.Release|Any CPU.ActiveCfg = Release|Any CPU
		{EC834081-9A04-41D4-BA34-DB5D44001960}.Release|Any CPU.Build.0 = Release|Any CPU
		{C7DB82C0-D3A0-4C43-A3F7-EE75DC14F34B}.Debug|Any CPU.ActiveCfg = Debug|Any CPU
		{C7DB82C0-D3A0-4C43-A3F7-EE75DC14F34B}.Debug|Any CPU.Build.0 = Debug|Any CPU
		{C7DB82C0-D3A0-4C43-A3F7-EE75DC14F34B}.Release|Any CPU.ActiveCfg = Release|Any CPU
		{C7DB82C0-D3A0-4C43-A3F7-EE75DC14F34B}.Release|Any CPU.Build.0 = Release|Any CPU
		{CF9EADA1-D364-4D28-964E-32AEC6D27CA9}.Debug|Any CPU.ActiveCfg = Debug|Any CPU
		{CF9EADA1-D364-4D28-964E-32AEC6D27CA9}.Debug|Any CPU.Build.0 = Debug|Any CPU
		{CF9EADA1-D364-4D28-964E-32AEC6D27CA9}.Release|Any CPU.ActiveCfg = Release|Any CPU
		{CF9EADA1-D364-4D28-964E-32AEC6D27CA9}.Release|Any CPU.Build.0 = Release|Any CPU
	EndGlobalSection
	GlobalSection(SolutionProperties) = preSolution
		HideSolutionNode = FALSE
	EndGlobalSection
EndGlobal
